
Microsoft Visual Studio Solution File, Format Version 12.00
# Visual Studio 15
VisualStudioVersion = 15.0.26124.0
MinimumVisualStudioVersion = 15.0.26124.0
Project("{FAE04EC0-301F-11D3-BF4B-00C04F79EFBC}") = "API", "API\API.csproj", "{1413BA67-BBF6-43DB-85F7-00132A8BC7B2}"
EndProject
Project("{FAE04EC0-301F-11D3-BF4B-00C04F79EFBC}") = "Application", "Application\Application.csproj", "{8917C730-5449-4953-BEC4-A0FAABE53A28}"
EndProject
Project("{FAE04EC0-301F-11D3-BF4B-00C04F79EFBC}") = "Persistence", "Persistence\Persistence.csproj", "{713F0E7C-543E-48AF-8281-7B72060168AB}"
EndProject
Project("{FAE04EC0-301F-11D3-BF4B-00C04F79EFBC}") = "Domain", "Domain\Domain.csproj", "{FE2C38AE-3F4C-4CC3-8560-F3AB0110DCB3}"
EndProject
Global
	GlobalSection(SolutionConfigurationPlatforms) = preSolution
		Debug|Any CPU = Debug|Any CPU
		Debug|x64 = Debug|x64
		Debug|x86 = Debug|x86
		Release|Any CPU = Release|Any CPU
		Release|x64 = Release|x64
		Release|x86 = Release|x86
	EndGlobalSection
	GlobalSection(SolutionProperties) = preSolution
		HideSolutionNode = FALSE
	EndGlobalSection
	GlobalSection(ProjectConfigurationPlatforms) = postSolution
		{1413BA67-BBF6-43DB-85F7-00132A8BC7B2}.Debug|Any CPU.ActiveCfg = Debug|Any CPU
		{1413BA67-BBF6-43DB-85F7-00132A8BC7B2}.Debug|Any CPU.Build.0 = Debug|Any CPU
		{1413BA67-BBF6-43DB-85F7-00132A8BC7B2}.Debug|x64.ActiveCfg = Debug|Any CPU
		{1413BA67-BBF6-43DB-85F7-00132A8BC7B2}.Debug|x64.Build.0 = Debug|Any CPU
		{1413BA67-BBF6-43DB-85F7-00132A8BC7B2}.Debug|x86.ActiveCfg = Debug|Any CPU
		{1413BA67-BBF6-43DB-85F7-00132A8BC7B2}.Debug|x86.Build.0 = Debug|Any CPU
		{1413BA67-BBF6-43DB-85F7-00132A8BC7B2}.Release|Any CPU.ActiveCfg = Release|Any CPU
		{1413BA67-BBF6-43DB-85F7-00132A8BC7B2}.Release|Any CPU.Build.0 = Release|Any CPU
		{1413BA67-BBF6-43DB-85F7-00132A8BC7B2}.Release|x64.ActiveCfg = Release|Any CPU
		{1413BA67-BBF6-43DB-85F7-00132A8BC7B2}.Release|x64.Build.0 = Release|Any CPU
		{1413BA67-BBF6-43DB-85F7-00132A8BC7B2}.Release|x86.ActiveCfg = Release|Any CPU
		{1413BA67-BBF6-43DB-85F7-00132A8BC7B2}.Release|x86.Build.0 = Release|Any CPU
		{8917C730-5449-4953-BEC4-A0FAABE53A28}.Debug|Any CPU.ActiveCfg = Debug|Any CPU
		{8917C730-5449-4953-BEC4-A0FAABE53A28}.Debug|Any CPU.Build.0 = Debug|Any CPU
		{8917C730-5449-4953-BEC4-A0FAABE53A28}.Debug|x64.ActiveCfg = Debug|Any CPU
		{8917C730-5449-4953-BEC4-A0FAABE53A28}.Debug|x64.Build.0 = Debug|Any CPU
		{8917C730-5449-4953-BEC4-A0FAABE53A28}.Debug|x86.ActiveCfg = Debug|Any CPU
		{8917C730-5449-4953-BEC4-A0FAABE53A28}.Debug|x86.Build.0 = Debug|Any CPU
		{8917C730-5449-4953-BEC4-A0FAABE53A28}.Release|Any CPU.ActiveCfg = Release|Any CPU
		{8917C730-5449-4953-BEC4-A0FAABE53A28}.Release|Any CPU.Build.0 = Release|Any CPU
		{8917C730-5449-4953-BEC4-A0FAABE53A28}.Release|x64.ActiveCfg = Release|Any CPU
		{8917C730-5449-4953-BEC4-A0FAABE53A28}.Release|x64.Build.0 = Release|Any CPU
		{8917C730-5449-4953-BEC4-A0FAABE53A28}.Release|x86.ActiveCfg = Release|Any CPU
		{8917C730-5449-4953-BEC4-A0FAABE53A28}.Release|x86.Build.0 = Release|Any CPU
		{713F0E7C-543E-48AF-8281-7B72060168AB}.Debug|Any CPU.ActiveCfg = Debug|Any CPU
		{713F0E7C-543E-48AF-8281-7B72060168AB}.Debug|Any CPU.Build.0 = Debug|Any CPU
		{713F0E7C-543E-48AF-8281-7B72060168AB}.Debug|x64.ActiveCfg = Debug|Any CPU
		{713F0E7C-543E-48AF-8281-7B72060168AB}.Debug|x64.Build.0 = Debug|Any CPU
		{713F0E7C-543E-48AF-8281-7B72060168AB}.Debug|x86.ActiveCfg = Debug|Any CPU
		{713F0E7C-543E-48AF-8281-7B72060168AB}.Debug|x86.Build.0 = Debug|Any CPU
		{713F0E7C-543E-48AF-8281-7B72060168AB}.Release|Any CPU.ActiveCfg = Release|Any CPU
		{713F0E7C-543E-48AF-8281-7B72060168AB}.Release|Any CPU.Build.0 = Release|Any CPU
		{713F0E7C-543E-48AF-8281-7B72060168AB}.Release|x64.ActiveCfg = Release|Any CPU
		{713F0E7C-543E-48AF-8281-7B72060168AB}.Release|x64.Build.0 = Release|Any CPU
		{713F0E7C-543E-48AF-8281-7B72060168AB}.Release|x86.ActiveCfg = Release|Any CPU
		{713F0E7C-543E-48AF-8281-7B72060168AB}.Release|x86.Build.0 = Release|Any CPU
		{FE2C38AE-3F4C-4CC3-8560-F3AB0110DCB3}.Debug|Any CPU.ActiveCfg = Debug|Any CPU
		{FE2C38AE-3F4C-4CC3-8560-F3AB0110DCB3}.Debug|Any CPU.Build.0 = Debug|Any CPU
		{FE2C38AE-3F4C-4CC3-8560-F3AB0110DCB3}.Debug|x64.ActiveCfg = Debug|Any CPU
		{FE2C38AE-3F4C-4CC3-8560-F3AB0110DCB3}.Debug|x64.Build.0 = Debug|Any CPU
		{FE2C38AE-3F4C-4CC3-8560-F3AB0110DCB3}.Debug|x86.ActiveCfg = Debug|Any CPU
		{FE2C38AE-3F4C-4CC3-8560-F3AB0110DCB3}.Debug|x86.Build.0 = Debug|Any CPU
		{FE2C38AE-3F4C-4CC3-8560-F3AB0110DCB3}.Release|Any CPU.ActiveCfg = Release|Any CPU
		{FE2C38AE-3F4C-4CC3-8560-F3AB0110DCB3}.Release|Any CPU.Build.0 = Release|Any CPU
		{FE2C38AE-3F4C-4CC3-8560-F3AB0110DCB3}.Release|x64.ActiveCfg = Release|Any CPU
		{FE2C38AE-3F4C-4CC3-8560-F3AB0110DCB3}.Release|x64.Build.0 = Release|Any CPU
		{FE2C38AE-3F4C-4CC3-8560-F3AB0110DCB3}.Release|x86.ActiveCfg = Release|Any CPU
		{FE2C38AE-3F4C-4CC3-8560-F3AB0110DCB3}.Release|x86.Build.0 = Release|Any CPU
	EndGlobalSection
EndGlobal
